
Microsoft Visual Studio Solution File, Format Version 12.00
# Visual Studio Version 17
VisualStudioVersion = 17.5.33326.253
MinimumVisualStudioVersion = 10.0.40219.1
Project("{9A19103F-16F7-4668-BE54-9A1E7A4F7556}") = "Xamarin.Forms.Inking", "XCourierApp\Xamarin.Forms.Inking\Xamarin.Forms.Inking.csproj", "{28325231-AEE3-4793-B182-806FF677C957}"
EndProject
Project("{FAE04EC0-301F-11D3-BF4B-00C04F79EFBC}") = "XCourierApp.UWP", "XCourierApp\XCourierApp.UWP\XCourierApp.UWP.csproj", "{7C0EDB92-4AA7-4BE3-984A-0F0EC5BA40CF}"
EndProject
Project("{FAE04EC0-301F-11D3-BF4B-00C04F79EFBC}") = "XCourierApp.Android", "XCourierApp\XCourierApp.Android\XCourierApp.Android.csproj", "{404E269F-42C5-4049-AA60-00A3AE456410}"
	ProjectSection(ProjectDependencies) = postProject
		{28325231-AEE3-4793-B182-806FF677C957} = {28325231-AEE3-4793-B182-806FF677C957}
	EndProjectSection
EndProject
Project("{9A19103F-16F7-4668-BE54-9A1E7A4F7556}") = "XCourierApp", "XCourierApp\XCourierApp\XCourierApp.csproj", "{EAF9D101-1084-408E-910D-C36176CCB501}"
	ProjectSection(ProjectDependencies) = postProject
		{28325231-AEE3-4793-B182-806FF677C957} = {28325231-AEE3-4793-B182-806FF677C957}
	EndProjectSection
EndProject
Global
	GlobalSection(SolutionConfigurationPlatforms) = preSolution
		Debug|Any CPU = Debug|Any CPU
		Debug|ARM = Debug|ARM
		Debug|iPhone = Debug|iPhone
		Debug|iPhoneSimulator = Debug|iPhoneSimulator
		Debug|x64 = Debug|x64
		Debug|x86 = Debug|x86
		Release|Any CPU = Release|Any CPU
		Release|ARM = Release|ARM
		Release|iPhone = Release|iPhone
		Release|iPhoneSimulator = Release|iPhoneSimulator
		Release|x64 = Release|x64
		Release|x86 = Release|x86
	EndGlobalSection
	GlobalSection(ProjectConfigurationPlatforms) = postSolution
		{28325231-AEE3-4793-B182-806FF677C957}.Debug|Any CPU.ActiveCfg = Debug|Any CPU
		{28325231-AEE3-4793-B182-806FF677C957}.Debug|Any CPU.Build.0 = Debug|Any CPU
		{28325231-AEE3-4793-B182-806FF677C957}.Debug|ARM.ActiveCfg = Debug|Any CPU
		{28325231-AEE3-4793-B182-806FF677C957}.Debug|ARM.Build.0 = Debug|Any CPU
		{28325231-AEE3-4793-B182-806FF677C957}.Debug|iPhone.ActiveCfg = Debug|Any CPU
		{28325231-AEE3-4793-B182-806FF677C957}.Debug|iPhone.Build.0 = Debug|Any CPU
		{28325231-AEE3-4793-B182-806FF677C957}.Debug|iPhoneSimulator.ActiveCfg = Debug|Any CPU
		{28325231-AEE3-4793-B182-806FF677C957}.Debug|iPhoneSimulator.Build.0 = Debug|Any CPU
		{28325231-AEE3-4793-B182-806FF677C957}.Debug|x64.ActiveCfg = Debug|Any CPU
		{28325231-AEE3-4793-B182-806FF677C957}.Debug|x64.Build.0 = Debug|Any CPU
		{28325231-AEE3-4793-B182-806FF677C957}.Debug|x86.ActiveCfg = Debug|Any CPU
		{28325231-AEE3-4793-B182-806FF677C957}.Debug|x86.Build.0 = Debug|Any CPU
		{28325231-AEE3-4793-B182-806FF677C957}.Release|Any CPU.ActiveCfg = Release|Any CPU
		{28325231-AEE3-4793-B182-806FF677C957}.Release|Any CPU.Build.0 = Release|Any CPU
		{28325231-AEE3-4793-B182-806FF677C957}.Release|ARM.ActiveCfg = Release|Any CPU
		{28325231-AEE3-4793-B182-806FF677C957}.Release|ARM.Build.0 = Release|Any CPU
		{28325231-AEE3-4793-B182-806FF677C957}.Release|iPhone.ActiveCfg = Release|Any CPU
		{28325231-AEE3-4793-B182-806FF677C957}.Release|iPhone.Build.0 = Release|Any CPU
		{28325231-AEE3-4793-B182-806FF677C957}.Release|iPhoneSimulator.ActiveCfg = Release|Any CPU
		{28325231-AEE3-4793-B182-806FF677C957}.Release|iPhoneSimulator.Build.0 = Release|Any CPU
		{28325231-AEE3-4793-B182-806FF677C957}.Release|x64.ActiveCfg = Release|Any CPU
		{28325231-AEE3-4793-B182-806FF677C957}.Release|x64.Build.0 = Release|Any CPU
		{28325231-AEE3-4793-B182-806FF677C957}.Release|x86.ActiveCfg = Release|Any CPU
		{28325231-AEE3-4793-B182-806FF677C957}.Release|x86.Build.0 = Release|Any CPU
		{7C0EDB92-4AA7-4BE3-984A-0F0EC5BA40CF}.Debug|Any CPU.ActiveCfg = Debug|x64
		{7C0EDB92-4AA7-4BE3-984A-0F0EC5BA40CF}.Debug|Any CPU.Build.0 = Debug|x64
		{7C0EDB92-4AA7-4BE3-984A-0F0EC5BA40CF}.Debug|Any CPU.Deploy.0 = Debug|x64
		{7C0EDB92-4AA7-4BE3-984A-0F0EC5BA40CF}.Debug|ARM.ActiveCfg = Debug|ARM
		{7C0EDB92-4AA7-4BE3-984A-0F0EC5BA40CF}.Debug|ARM.Build.0 = Debug|ARM
		{7C0EDB92-4AA7-4BE3-984A-0F0EC5BA40CF}.Debug|ARM.Deploy.0 = Debug|ARM
		{7C0EDB92-4AA7-4BE3-984A-0F0EC5BA40CF}.Debug|iPhone.ActiveCfg = Debug|x64
		{7C0EDB92-4AA7-4BE3-984A-0F0EC5BA40CF}.Debug|iPhone.Build.0 = Debug|x64
		{7C0EDB92-4AA7-4BE3-984A-0F0EC5BA40CF}.Debug|iPhone.Deploy.0 = Debug|x64
		{7C0EDB92-4AA7-4BE3-984A-0F0EC5BA40CF}.Debug|iPhoneSimulator.ActiveCfg = Debug|x64
		{7C0EDB92-4AA7-4BE3-984A-0F0EC5BA40CF}.Debug|iPhoneSimulator.Build.0 = Debug|x64
		{7C0EDB92-4AA7-4BE3-984A-0F0EC5BA40CF}.Debug|iPhoneSimulator.Deploy.0 = Debug|x64
		{7C0EDB92-4AA7-4BE3-984A-0F0EC5BA40CF}.Debug|x64.ActiveCfg = Debug|x64
		{7C0EDB92-4AA7-4BE3-984A-0F0EC5BA40CF}.Debug|x64.Build.0 = Debug|x64
		{7C0EDB92-4AA7-4BE3-984A-0F0EC5BA40CF}.Debug|x64.Deploy.0 = Debug|x64
		{7C0EDB92-4AA7-4BE3-984A-0F0EC5BA40CF}.Debug|x86.ActiveCfg = Debug|x86
		{7C0EDB92-4AA7-4BE3-984A-0F0EC5BA40CF}.Debug|x86.Build.0 = Debug|x86
		{7C0EDB92-4AA7-4BE3-984A-0F0EC5BA40CF}.Debug|x86.Deploy.0 = Debug|x86
		{7C0EDB92-4AA7-4BE3-984A-0F0EC5BA40CF}.Release|Any CPU.ActiveCfg = Release|x64
		{7C0EDB92-4AA7-4BE3-984A-0F0EC5BA40CF}.Release|Any CPU.Build.0 = Release|x64
		{7C0EDB92-4AA7-4BE3-984A-0F0EC5BA40CF}.Release|Any CPU.Deploy.0 = Release|x64
		{7C0EDB92-4AA7-4BE3-984A-0F0EC5BA40CF}.Release|ARM.ActiveCfg = Release|ARM
		{7C0EDB92-4AA7-4BE3-984A-0F0EC5BA40CF}.Release|ARM.Build.0 = Release|ARM
		{7C0EDB92-4AA7-4BE3-984A-0F0EC5BA40CF}.Release|ARM.Deploy.0 = Release|ARM
		{7C0EDB92-4AA7-4BE3-984A-0F0EC5BA40CF}.Release|iPhone.ActiveCfg = Release|x64
		{7C0EDB92-4AA7-4BE3-984A-0F0EC5BA40CF}.Release|iPhone.Build.0 = Release|x64
		{7C0EDB92-4AA7-4BE3-984A-0F0EC5BA40CF}.Release|iPhone.Deploy.0 = Release|x64
		{7C0EDB92-4AA7-4BE3-984A-0F0EC5BA40CF}.Release|iPhoneSimulator.ActiveCfg = Release|x64
		{7C0EDB92-4AA7-4BE3-984A-0F0EC5BA40CF}.Release|iPhoneSimulator.Build.0 = Release|x64
		{7C0EDB92-4AA7-4BE3-984A-0F0EC5BA40CF}.Release|iPhoneSimulator.Deploy.0 = Release|x64
		{7C0EDB92-4AA7-4BE3-984A-0F0EC5BA40CF}.Release|x64.ActiveCfg = Release|x64
		{7C0EDB92-4AA7-4BE3-984A-0F0EC5BA40CF}.Release|x64.Build.0 = Release|x64
		{7C0EDB92-4AA7-4BE3-984A-0F0EC5BA40CF}.Release|x64.Deploy.0 = Release|x64
		{7C0EDB92-4AA7-4BE3-984A-0F0EC5BA40CF}.Release|x86.ActiveCfg = Release|x86
		{7C0EDB92-4AA7-4BE3-984A-0F0EC5BA40CF}.Release|x86.Build.0 = Release|x86
		{7C0EDB92-4AA7-4BE3-984A-0F0EC5BA40CF}.Release|x86.Deploy.0 = Release|x86
		{404E269F-42C5-4049-AA60-00A3AE456410}.Debug|Any CPU.ActiveCfg = Debug|Any CPU
		{404E269F-42C5-4049-AA60-00A3AE456410}.Debug|Any CPU.Build.0 = Debug|Any CPU
		{404E269F-42C5-4049-AA60-00A3AE456410}.Debug|Any CPU.Deploy.0 = Debug|Any CPU
		{404E269F-42C5-4049-AA60-00A3AE456410}.Debug|ARM.ActiveCfg = Debug|Any CPU
		{404E269F-42C5-4049-AA60-00A3AE456410}.Debug|ARM.Build.0 = Debug|Any CPU
		{404E269F-42C5-4049-AA60-00A3AE456410}.Debug|ARM.Deploy.0 = Debug|Any CPU
		{404E269F-42C5-4049-AA60-00A3AE456410}.Debug|iPhone.ActiveCfg = Debug|Any CPU
		{404E269F-42C5-4049-AA60-00A3AE456410}.Debug|iPhone.Build.0 = Debug|Any CPU
		{404E269F-42C5-4049-AA60-00A3AE456410}.Debug|iPhone.Deploy.0 = Debug|Any CPU
		{404E269F-42C5-4049-AA60-00A3AE456410}.Debug|iPhoneSimulator.ActiveCfg = Debug|Any CPU
		{404E269F-42C5-4049-AA60-00A3AE456410}.Debug|iPhoneSimulator.Build.0 = Debug|Any CPU
		{404E269F-42C5-4049-AA60-00A3AE456410}.Debug|iPhoneSimulator.Deploy.0 = Debug|Any CPU
		{404E269F-42C5-4049-AA60-00A3AE456410}.Debug|x64.ActiveCfg = Debug|Any CPU
		{404E269F-42C5-4049-AA60-00A3AE456410}.Debug|x64.Build.0 = Debug|Any CPU
		{404E269F-42C5-4049-AA60-00A3AE456410}.Debug|x64.Deploy.0 = Debug|Any CPU
		{404E269F-42C5-4049-AA60-00A3AE456410}.Debug|x86.ActiveCfg = Debug|Any CPU
		{404E269F-42C5-4049-AA60-00A3AE456410}.Debug|x86.Build.0 = Debug|Any CPU
		{404E269F-42C5-4049-AA60-00A3AE456410}.Debug|x86.Deploy.0 = Debug|Any CPU
		{404E269F-42C5-4049-AA60-00A3AE456410}.Release|Any CPU.ActiveCfg = Release|Any CPU
		{404E269F-42C5-4049-AA60-00A3AE456410}.Release|Any CPU.Build.0 = Release|Any CPU
		{404E269F-42C5-4049-AA60-00A3AE456410}.Release|Any CPU.Deploy.0 = Release|Any CPU
		{404E269F-42C5-4049-AA60-00A3AE456410}.Release|ARM.ActiveCfg = Release|Any CPU
		{404E269F-42C5-4049-AA60-00A3AE456410}.Release|ARM.Build.0 = Release|Any CPU
		{404E269F-42C5-4049-AA60-00A3AE456410}.Release|ARM.Deploy.0 = Release|Any CPU
		{404E269F-42C5-4049-AA60-00A3AE456410}.Release|iPhone.ActiveCfg = Release|Any CPU
		{404E269F-42C5-4049-AA60-00A3AE456410}.Release|iPhone.Build.0 = Release|Any CPU
		{404E269F-42C5-4049-AA60-00A3AE456410}.Release|iPhone.Deploy.0 = Release|Any CPU
		{404E269F-42C5-4049-AA60-00A3AE456410}.Release|iPhoneSimulator.ActiveCfg = Release|Any CPU
		{404E269F-42C5-4049-AA60-00A3AE456410}.Release|iPhoneSimulator.Build.0 = Release|Any CPU
		{404E269F-42C5-4049-AA60-00A3AE456410}.Release|iPhoneSimulator.Deploy.0 = Release|Any CPU
		{404E269F-42C5-4049-AA60-00A3AE456410}.Release|x64.ActiveCfg = Release|Any CPU
		{404E269F-42C5-4049-AA60-00A3AE456410}.Release|x64.Build.0 = Release|Any CPU
		{404E269F-42C5-4049-AA60-00A3AE456410}.Release|x64.Deploy.0 = Release|Any CPU
		{404E269F-42C5-4049-AA60-00A3AE456410}.Release|x86.ActiveCfg = Release|Any CPU
		{404E269F-42C5-4049-AA60-00A3AE456410}.Release|x86.Build.0 = Release|Any CPU
		{404E269F-42C5-4049-AA60-00A3AE456410}.Release|x86.Deploy.0 = Release|Any CPU
		{EAF9D101-1084-408E-910D-C36176CCB501}.Debug|Any CPU.ActiveCfg = Debug|Any CPU
		{EAF9D101-1084-408E-910D-C36176CCB501}.Debug|Any CPU.Build.0 = Debug|Any CPU
		{EAF9D101-1084-408E-910D-C36176CCB501}.Debug|Any CPU.Deploy.0 = Debug|Any CPU
		{EAF9D101-1084-408E-910D-C36176CCB501}.Debug|ARM.ActiveCfg = Debug|Any CPU
		{EAF9D101-1084-408E-910D-C36176CCB501}.Debug|ARM.Build.0 = Debug|Any CPU
		{EAF9D101-1084-408E-910D-C36176CCB501}.Debug|iPhone.ActiveCfg = Debug|Any CPU
		{EAF9D101-1084-408E-910D-C36176CCB501}.Debug|iPhone.Build.0 = Debug|Any CPU
		{EAF9D101-1084-408E-910D-C36176CCB501}.Debug|iPhoneSimulator.ActiveCfg = Debug|Any CPU
		{EAF9D101-1084-408E-910D-C36176CCB501}.Debug|iPhoneSimulator.Build.0 = Debug|Any CPU
		{EAF9D101-1084-408E-910D-C36176CCB501}.Debug|x64.ActiveCfg = Debug|Any CPU
		{EAF9D101-1084-408E-910D-C36176CCB501}.Debug|x64.Build.0 = Debug|Any CPU
		{EAF9D101-1084-408E-910D-C36176CCB501}.Debug|x86.ActiveCfg = Debug|Any CPU
		{EAF9D101-1084-408E-910D-C36176CCB501}.Debug|x86.Build.0 = Debug|Any CPU
		{EAF9D101-1084-408E-910D-C36176CCB501}.Release|Any CPU.ActiveCfg = Release|Any CPU
		{EAF9D101-1084-408E-910D-C36176CCB501}.Release|Any CPU.Build.0 = Release|Any CPU
		{EAF9D101-1084-408E-910D-C36176CCB501}.Release|Any CPU.Deploy.0 = Release|Any CPU
		{EAF9D101-1084-408E-910D-C36176CCB501}.Release|ARM.ActiveCfg = Release|Any CPU
		{EAF9D101-1084-408E-910D-C36176CCB501}.Release|ARM.Build.0 = Release|Any CPU
		{EAF9D101-1084-408E-910D-C36176CCB501}.Release|iPhone.ActiveCfg = Release|Any CPU
		{EAF9D101-1084-408E-910D-C36176CCB501}.Release|iPhone.Build.0 = Release|Any CPU
		{EAF9D101-1084-408E-910D-C36176CCB501}.Release|iPhoneSimulator.ActiveCfg = Release|Any CPU
		{EAF9D101-1084-408E-910D-C36176CCB501}.Release|iPhoneSimulator.Build.0 = Release|Any CPU
		{EAF9D101-1084-408E-910D-C36176CCB501}.Release|x64.ActiveCfg = Release|Any CPU
		{EAF9D101-1084-408E-910D-C36176CCB501}.Release|x64.Build.0 = Release|Any CPU
		{EAF9D101-1084-408E-910D-C36176CCB501}.Release|x86.ActiveCfg = Release|Any CPU
		{EAF9D101-1084-408E-910D-C36176CCB501}.Release|x86.Build.0 = Release|Any CPU
	EndGlobalSection
	GlobalSection(SolutionProperties) = preSolution
		HideSolutionNode = FALSE
	EndGlobalSection
	GlobalSection(ExtensibilityGlobals) = postSolution
		SolutionGuid = {733319E2-97DE-439D-919A-D5F3E5ADEEB0}
	EndGlobalSection
EndGlobal
